// !$*UTF8*$!
{
	archiveVersion = 1;
	classes = {
	};
	objectVersion = 56;
	objects = {

/* Begin PBXBuildFile section */
		8B8ACD3F2B74519600416DDC /* SwiftUIThreadsCloneApp.swift in Sources */ = {isa = PBXBuildFile; fileRef = 8B8ACD3E2B74519600416DDC /* SwiftUIThreadsCloneApp.swift */; };
		8B8ACD412B74519600416DDC /* ContentView.swift in Sources */ = {isa = PBXBuildFile; fileRef = 8B8ACD402B74519600416DDC /* ContentView.swift */; };
		8B8ACD432B74519900416DDC /* Assets.xcassets in Resources */ = {isa = PBXBuildFile; fileRef = 8B8ACD422B74519900416DDC /* Assets.xcassets */; };
		8B8ACD462B74519900416DDC /* Preview Assets.xcassets in Resources */ = {isa = PBXBuildFile; fileRef = 8B8ACD452B74519900416DDC /* Preview Assets.xcassets */; };
		8B8ACD582B7466A100416DDC /* LoginView.swift in Sources */ = {isa = PBXBuildFile; fileRef = 8B8ACD572B7466A100416DDC /* LoginView.swift */; };
		8B8ACD5A2B746B5900416DDC /* RegistrationView.swift in Sources */ = {isa = PBXBuildFile; fileRef = 8B8ACD592B746B5900416DDC /* RegistrationView.swift */; };
		8B8ACD5D2B746D3200416DDC /* ThreadsTextFieldModifier.swift in Sources */ = {isa = PBXBuildFile; fileRef = 8B8ACD5C2B746D3200416DDC /* ThreadsTextFieldModifier.swift */; };
		8B8ACD602B74705F00416DDC /* ThreadsTabView.swift in Sources */ = {isa = PBXBuildFile; fileRef = 8B8ACD5F2B74705F00416DDC /* ThreadsTabView.swift */; };
		8B8ACD642B74791000416DDC /* FeedView.swift in Sources */ = {isa = PBXBuildFile; fileRef = 8B8ACD632B74791000416DDC /* FeedView.swift */; };
		8B8ACD672B74796100416DDC /* ExploreView.swift in Sources */ = {isa = PBXBuildFile; fileRef = 8B8ACD662B74796100416DDC /* ExploreView.swift */; };
		8B8ACD6C2B7479A100416DDC /* ActivityView.swift in Sources */ = {isa = PBXBuildFile; fileRef = 8B8ACD6B2B7479A100416DDC /* ActivityView.swift */; };
		8B8ACD702B747A0C00416DDC /* ProfileView.swift in Sources */ = {isa = PBXBuildFile; fileRef = 8B8ACD6F2B747A0C00416DDC /* ProfileView.swift */; };
		8B8ACD742B747AC900416DDC /* CreateThreadView.swift in Sources */ = {isa = PBXBuildFile; fileRef = 8B8ACD732B747AC900416DDC /* CreateThreadView.swift */; };
		8B8ACD762B747BE100416DDC /* ThreadCell.swift in Sources */ = {isa = PBXBuildFile; fileRef = 8B8ACD752B747BE100416DDC /* ThreadCell.swift */; };
/* End PBXBuildFile section */

/* Begin PBXFileReference section */
		8B8ACD3B2B74519600416DDC /* SwiftUIThreadsClone.app */ = {isa = PBXFileReference; explicitFileType = wrapper.application; includeInIndex = 0; path = SwiftUIThreadsClone.app; sourceTree = BUILT_PRODUCTS_DIR; };
		8B8ACD3E2B74519600416DDC /* SwiftUIThreadsCloneApp.swift */ = {isa = PBXFileReference; lastKnownFileType = sourcecode.swift; path = SwiftUIThreadsCloneApp.swift; sourceTree = "<group>"; };
		8B8ACD402B74519600416DDC /* ContentView.swift */ = {isa = PBXFileReference; lastKnownFileType = sourcecode.swift; path = ContentView.swift; sourceTree = "<group>"; };
		8B8ACD422B74519900416DDC /* Assets.xcassets */ = {isa = PBXFileReference; lastKnownFileType = folder.assetcatalog; path = Assets.xcassets; sourceTree = "<group>"; };
		8B8ACD452B74519900416DDC /* Preview Assets.xcassets */ = {isa = PBXFileReference; lastKnownFileType = folder.assetcatalog; path = "Preview Assets.xcassets"; sourceTree = "<group>"; };
		8B8ACD572B7466A100416DDC /* LoginView.swift */ = {isa = PBXFileReference; lastKnownFileType = sourcecode.swift; path = LoginView.swift; sourceTree = "<group>"; };
		8B8ACD592B746B5900416DDC /* RegistrationView.swift */ = {isa = PBXFileReference; lastKnownFileType = sourcecode.swift; path = RegistrationView.swift; sourceTree = "<group>"; };
		8B8ACD5C2B746D3200416DDC /* ThreadsTextFieldModifier.swift */ = {isa = PBXFileReference; lastKnownFileType = sourcecode.swift; path = ThreadsTextFieldModifier.swift; sourceTree = "<group>"; };
		8B8ACD5F2B74705F00416DDC /* ThreadsTabView.swift */ = {isa = PBXFileReference; lastKnownFileType = sourcecode.swift; path = ThreadsTabView.swift; sourceTree = "<group>"; };
		8B8ACD632B74791000416DDC /* FeedView.swift */ = {isa = PBXFileReference; lastKnownFileType = sourcecode.swift; path = FeedView.swift; sourceTree = "<group>"; };
		8B8ACD662B74796100416DDC /* ExploreView.swift */ = {isa = PBXFileReference; lastKnownFileType = sourcecode.swift; path = ExploreView.swift; sourceTree = "<group>"; };
		8B8ACD6B2B7479A100416DDC /* ActivityView.swift */ = {isa = PBXFileReference; lastKnownFileType = sourcecode.swift; path = ActivityView.swift; sourceTree = "<group>"; };
		8B8ACD6F2B747A0C00416DDC /* ProfileView.swift */ = {isa = PBXFileReference; lastKnownFileType = sourcecode.swift; path = ProfileView.swift; sourceTree = "<group>"; };
		8B8ACD732B747AC900416DDC /* CreateThreadView.swift */ = {isa = PBXFileReference; lastKnownFileType = sourcecode.swift; path = CreateThreadView.swift; sourceTree = "<group>"; };
		8B8ACD752B747BE100416DDC /* ThreadCell.swift */ = {isa = PBXFileReference; lastKnownFileType = sourcecode.swift; path = ThreadCell.swift; sourceTree = "<group>"; };
/* End PBXFileReference section */

/* Begin PBXFrameworksBuildPhase section */
		8B8ACD382B74519600416DDC /* Frameworks */ = {
			isa = PBXFrameworksBuildPhase;
			buildActionMask = 2147483647;
			files = (
			);
			runOnlyForDeploymentPostprocessing = 0;
		};
/* End PBXFrameworksBuildPhase section */

/* Begin PBXGroup section */
		8B8ACD322B74519600416DDC = {
			isa = PBXGroup;
			children = (
				8B8ACD3D2B74519600416DDC /* SwiftUIThreadsClone */,
				8B8ACD3C2B74519600416DDC /* Products */,
			);
			sourceTree = "<group>";
		};
		8B8ACD3C2B74519600416DDC /* Products */ = {
			isa = PBXGroup;
			children = (
				8B8ACD3B2B74519600416DDC /* SwiftUIThreadsClone.app */,
			);
			name = Products;
			sourceTree = "<group>";
		};
		8B8ACD3D2B74519600416DDC /* SwiftUIThreadsClone */ = {
			isa = PBXGroup;
			children = (
				8B8ACD522B7457A200416DDC /* App */,
				8B8ACD512B74579F00416DDC /* Core */,
				8B8ACD502B74579C00416DDC /* Extensions */,
				8B8ACD4F2B74579300416DDC /* Model */,
				8B8ACD4E2B74578D00416DDC /* Service */,
				8B8ACD532B7457DA00416DDC /* Utils */,
				8B8ACD4D2B74578000416DDC /* New Group */,
				8B8ACD422B74519900416DDC /* Assets.xcassets */,
				8B8ACD442B74519900416DDC /* Preview Content */,
			);
			path = SwiftUIThreadsClone;
			sourceTree = "<group>";
		};
		8B8ACD442B74519900416DDC /* Preview Content */ = {
			isa = PBXGroup;
			children = (
				8B8ACD452B74519900416DDC /* Preview Assets.xcassets */,
			);
			path = "Preview Content";
			sourceTree = "<group>";
		};
		8B8ACD4D2B74578000416DDC /* New Group */ = {
			isa = PBXGroup;
			children = (
			);
			path = "New Group";
			sourceTree = "<group>";
		};
		8B8ACD4E2B74578D00416DDC /* Service */ = {
			isa = PBXGroup;
			children = (
			);
			path = Service;
			sourceTree = "<group>";
		};
		8B8ACD4F2B74579300416DDC /* Model */ = {
			isa = PBXGroup;
			children = (
			);
			path = Model;
			sourceTree = "<group>";
		};
		8B8ACD502B74579C00416DDC /* Extensions */ = {
			isa = PBXGroup;
			children = (
			);
			path = Extensions;
			sourceTree = "<group>";
		};
		8B8ACD512B74579F00416DDC /* Core */ = {
			isa = PBXGroup;
			children = (
				8B8ACD692B74798900416DDC /* Activity */,
				8B8ACD542B74665300416DDC /* Authentication */,
				8B8ACD612B7478F100416DDC /* Feed */,
				8B8ACD652B74794D00416DDC /* Explore */,
				8B8ACD6D2B7479D100416DDC /* Profile */,
				8B8ACD552B74666500416DDC /* Root */,
				8B8ACD5E2B74703F00416DDC /* TabBar */,
				8B8ACD712B747AA000416DDC /* ThreadCreation */,
			);
			path = Core;
			sourceTree = "<group>";
		};
		8B8ACD522B7457A200416DDC /* App */ = {
			isa = PBXGroup;
			children = (
				8B8ACD3E2B74519600416DDC /* SwiftUIThreadsCloneApp.swift */,
			);
			path = App;
			sourceTree = "<group>";
		};
		8B8ACD532B7457DA00416DDC /* Utils */ = {
			isa = PBXGroup;
			children = (
				8B8ACD5B2B746D0500416DDC /* ViewModifiers */,
			);
			path = Utils;
			sourceTree = "<group>";
		};
		8B8ACD542B74665300416DDC /* Authentication */ = {
			isa = PBXGroup;
			children = (
				8B8ACD562B74669000416DDC /* Views */,
			);
			path = Authentication;
			sourceTree = "<group>";
		};
		8B8ACD552B74666500416DDC /* Root */ = {
			isa = PBXGroup;
			children = (
				8B8ACD402B74519600416DDC /* ContentView.swift */,
			);
			path = Root;
			sourceTree = "<group>";
		};
		8B8ACD562B74669000416DDC /* Views */ = {
			isa = PBXGroup;
			children = (
				8B8ACD572B7466A100416DDC /* LoginView.swift */,
				8B8ACD592B746B5900416DDC /* RegistrationView.swift */,
			);
			path = Views;
			sourceTree = "<group>";
		};
		8B8ACD5B2B746D0500416DDC /* ViewModifiers */ = {
			isa = PBXGroup;
			children = (
				8B8ACD5C2B746D3200416DDC /* ThreadsTextFieldModifier.swift */,
			);
			path = ViewModifiers;
			sourceTree = "<group>";
		};
		8B8ACD5E2B74703F00416DDC /* TabBar */ = {
			isa = PBXGroup;
			children = (
				8B8ACD5F2B74705F00416DDC /* ThreadsTabView.swift */,
			);
			path = TabBar;
			sourceTree = "<group>";
		};
		8B8ACD612B7478F100416DDC /* Feed */ = {
			isa = PBXGroup;
			children = (
				8B8ACD622B7478FD00416DDC /* View */,
			);
			path = Feed;
			sourceTree = "<group>";
		};
		8B8ACD622B7478FD00416DDC /* View */ = {
			isa = PBXGroup;
			children = (
				8B8ACD632B74791000416DDC /* FeedView.swift */,
				8B8ACD752B747BE100416DDC /* ThreadCell.swift */,
			);
			path = View;
			sourceTree = "<group>";
		};
		8B8ACD652B74794D00416DDC /* Explore */ = {
			isa = PBXGroup;
			children = (
				8B8ACD682B74797100416DDC /* View */,
			);
			path = Explore;
			sourceTree = "<group>";
		};
		8B8ACD682B74797100416DDC /* View */ = {
			isa = PBXGroup;
			children = (
				8B8ACD662B74796100416DDC /* ExploreView.swift */,
			);
			path = View;
			sourceTree = "<group>";
		};
		8B8ACD692B74798900416DDC /* Activity */ = {
			isa = PBXGroup;
			children = (
				8B8ACD6A2B74799300416DDC /* View */,
			);
			path = Activity;
			sourceTree = "<group>";
		};
		8B8ACD6A2B74799300416DDC /* View */ = {
			isa = PBXGroup;
			children = (
				8B8ACD6B2B7479A100416DDC /* ActivityView.swift */,
			);
			path = View;
			sourceTree = "<group>";
		};
		8B8ACD6D2B7479D100416DDC /* Profile */ = {
			isa = PBXGroup;
			children = (
				8B8ACD6E2B7479FF00416DDC /* View */,
			);
			path = Profile;
			sourceTree = "<group>";
		};
		8B8ACD6E2B7479FF00416DDC /* View */ = {
			isa = PBXGroup;
			children = (
				8B8ACD6F2B747A0C00416DDC /* ProfileView.swift */,
			);
			path = View;
			sourceTree = "<group>";
		};
		8B8ACD712B747AA000416DDC /* ThreadCreation */ = {
			isa = PBXGroup;
			children = (
				8B8ACD722B747ABA00416DDC /* View */,
			);
			path = ThreadCreation;
			sourceTree = "<group>";
		};
		8B8ACD722B747ABA00416DDC /* View */ = {
			isa = PBXGroup;
			children = (
				8B8ACD732B747AC900416DDC /* CreateThreadView.swift */,
			);
			path = View;
			sourceTree = "<group>";
		};
/* End PBXGroup section */

/* Begin PBXNativeTarget section */
		8B8ACD3A2B74519600416DDC /* SwiftUIThreadsClone */ = {
			isa = PBXNativeTarget;
			buildConfigurationList = 8B8ACD492B74519900416DDC /* Build configuration list for PBXNativeTarget "SwiftUIThreadsClone" */;
			buildPhases = (
				8B8ACD372B74519600416DDC /* Sources */,
				8B8ACD382B74519600416DDC /* Frameworks */,
				8B8ACD392B74519600416DDC /* Resources */,
			);
			buildRules = (
			);
			dependencies = (
			);
			name = SwiftUIThreadsClone;
			productName = SwiftUIThreadsClone;
			productReference = 8B8ACD3B2B74519600416DDC /* SwiftUIThreadsClone.app */;
			productType = "com.apple.product-type.application";
		};
/* End PBXNativeTarget section */

/* Begin PBXProject section */
		8B8ACD332B74519600416DDC /* Project object */ = {
			isa = PBXProject;
			attributes = {
				BuildIndependentTargetsInParallel = 1;
				LastSwiftUpdateCheck = 1520;
				LastUpgradeCheck = 1520;
				TargetAttributes = {
					8B8ACD3A2B74519600416DDC = {
						CreatedOnToolsVersion = 15.2;
					};
				};
			};
			buildConfigurationList = 8B8ACD362B74519600416DDC /* Build configuration list for PBXProject "SwiftUIThreadsClone" */;
			compatibilityVersion = "Xcode 14.0";
			developmentRegion = en;
			hasScannedForEncodings = 0;
			knownRegions = (
				en,
				Base,
			);
			mainGroup = 8B8ACD322B74519600416DDC;
			productRefGroup = 8B8ACD3C2B74519600416DDC /* Products */;
			projectDirPath = "";
			projectRoot = "";
			targets = (
				8B8ACD3A2B74519600416DDC /* SwiftUIThreadsClone */,
			);
		};
/* End PBXProject section */

/* Begin PBXResourcesBuildPhase section */
		8B8ACD392B74519600416DDC /* Resources */ = {
			isa = PBXResourcesBuildPhase;
			buildActionMask = 2147483647;
			files = (
				8B8ACD462B74519900416DDC /* Preview Assets.xcassets in Resources */,
				8B8ACD432B74519900416DDC /* Assets.xcassets in Resources */,
			);
			runOnlyForDeploymentPostprocessing = 0;
		};
/* End PBXResourcesBuildPhase section */

/* Begin PBXSourcesBuildPhase section */
		8B8ACD372B74519600416DDC /* Sources */ = {
			isa = PBXSourcesBuildPhase;
			buildActionMask = 2147483647;
			files = (
				8B8ACD642B74791000416DDC /* FeedView.swift in Sources */,
				8B8ACD582B7466A100416DDC /* LoginView.swift in Sources */,
				8B8ACD702B747A0C00416DDC /* ProfileView.swift in Sources */,
				8B8ACD762B747BE100416DDC /* ThreadCell.swift in Sources */,
				8B8ACD412B74519600416DDC /* ContentView.swift in Sources */,
				8B8ACD602B74705F00416DDC /* ThreadsTabView.swift in Sources */,
				8B8ACD5D2B746D3200416DDC /* ThreadsTextFieldModifier.swift in Sources */,
				8B8ACD742B747AC900416DDC /* CreateThreadView.swift in Sources */,
				8B8ACD6C2B7479A100416DDC /* ActivityView.swift in Sources */,
				8B8ACD3F2B74519600416DDC /* SwiftUIThreadsCloneApp.swift in Sources */,
				8B8ACD672B74796100416DDC /* ExploreView.swift in Sources */,
				8B8ACD5A2B746B5900416DDC /* RegistrationView.swift in Sources */,
			);
			runOnlyForDeploymentPostprocessing = 0;
		};
/* End PBXSourcesBuildPhase section */

/* Begin XCBuildConfiguration section */
		8B8ACD472B74519900416DDC /* Debug */ = {
			isa = XCBuildConfiguration;
			buildSettings = {
				ALWAYS_SEARCH_USER_PATHS = NO;
				ASSETCATALOG_COMPILER_GENERATE_SWIFT_ASSET_SYMBOL_EXTENSIONS = YES;
				CLANG_ANALYZER_NONNULL = YES;
				CLANG_ANALYZER_NUMBER_OBJECT_CONVERSION = YES_AGGRESSIVE;
				CLANG_CXX_LANGUAGE_STANDARD = "gnu++20";
				CLANG_ENABLE_MODULES = YES;
				CLANG_ENABLE_OBJC_ARC = YES;
				CLANG_ENABLE_OBJC_WEAK = YES;
				CLANG_WARN_BLOCK_CAPTURE_AUTORELEASING = YES;
				CLANG_WARN_BOOL_CONVERSION = YES;
				CLANG_WARN_COMMA = YES;
				CLANG_WARN_CONSTANT_CONVERSION = YES;
				CLANG_WARN_DEPRECATED_OBJC_IMPLEMENTATIONS = YES;
				CLANG_WARN_DIRECT_OBJC_ISA_USAGE = YES_ERROR;
				CLANG_WARN_DOCUMENTATION_COMMENTS = YES;
				CLANG_WARN_EMPTY_BODY = YES;
				CLANG_WARN_ENUM_CONVERSION = YES;
				CLANG_WARN_INFINITE_RECURSION = YES;
				CLANG_WARN_INT_CONVERSION = YES;
				CLANG_WARN_NON_LITERAL_NULL_CONVERSION = YES;
				CLANG_WARN_OBJC_IMPLICIT_RETAIN_SELF = YES;
				CLANG_WARN_OBJC_LITERAL_CONVERSION = YES;
				CLANG_WARN_OBJC_ROOT_CLASS = YES_ERROR;
				CLANG_WARN_QUOTED_INCLUDE_IN_FRAMEWORK_HEADER = YES;
				CLANG_WARN_RANGE_LOOP_ANALYSIS = YES;
				CLANG_WARN_STRICT_PROTOTYPES = YES;
				CLANG_WARN_SUSPICIOUS_MOVE = YES;
				CLANG_WARN_UNGUARDED_AVAILABILITY = YES_AGGRESSIVE;
				CLANG_WARN_UNREACHABLE_CODE = YES;
				CLANG_WARN__DUPLICATE_METHOD_MATCH = YES;
				COPY_PHASE_STRIP = NO;
				DEBUG_INFORMATION_FORMAT = dwarf;
				ENABLE_STRICT_OBJC_MSGSEND = YES;
				ENABLE_TESTABILITY = YES;
				ENABLE_USER_SCRIPT_SANDBOXING = YES;
				GCC_C_LANGUAGE_STANDARD = gnu17;
				GCC_DYNAMIC_NO_PIC = NO;
				GCC_NO_COMMON_BLOCKS = YES;
				GCC_OPTIMIZATION_LEVEL = 0;
				GCC_PREPROCESSOR_DEFINITIONS = (
					"DEBUG=1",
					"$(inherited)",
				);
				GCC_WARN_64_TO_32_BIT_CONVERSION = YES;
				GCC_WARN_ABOUT_RETURN_TYPE = YES_ERROR;
				GCC_WARN_UNDECLARED_SELECTOR = YES;
				GCC_WARN_UNINITIALIZED_AUTOS = YES_AGGRESSIVE;
				GCC_WARN_UNUSED_FUNCTION = YES;
				GCC_WARN_UNUSED_VARIABLE = YES;
				IPHONEOS_DEPLOYMENT_TARGET = 17.2;
				LOCALIZATION_PREFERS_STRING_CATALOGS = YES;
				MTL_ENABLE_DEBUG_INFO = INCLUDE_SOURCE;
				MTL_FAST_MATH = YES;
				ONLY_ACTIVE_ARCH = YES;
				SDKROOT = iphoneos;
				SWIFT_ACTIVE_COMPILATION_CONDITIONS = "DEBUG $(inherited)";
				SWIFT_OPTIMIZATION_LEVEL = "-Onone";
			};
			name = Debug;
		};
		8B8ACD482B74519900416DDC /* Release */ = {
			isa = XCBuildConfiguration;
			buildSettings = {
				ALWAYS_SEARCH_USER_PATHS = NO;
				ASSETCATALOG_COMPILER_GENERATE_SWIFT_ASSET_SYMBOL_EXTENSIONS = YES;
				CLANG_ANALYZER_NONNULL = YES;
				CLANG_ANALYZER_NUMBER_OBJECT_CONVERSION = YES_AGGRESSIVE;
				CLANG_CXX_LANGUAGE_STANDARD = "gnu++20";
				CLANG_ENABLE_MODULES = YES;
				CLANG_ENABLE_OBJC_ARC = YES;
				CLANG_ENABLE_OBJC_WEAK = YES;
				CLANG_WARN_BLOCK_CAPTURE_AUTORELEASING = YES;
				CLANG_WARN_BOOL_CONVERSION = YES;
				CLANG_WARN_COMMA = YES;
				CLANG_WARN_CONSTANT_CONVERSION = YES;
				CLANG_WARN_DEPRECATED_OBJC_IMPLEMENTATIONS = YES;
				CLANG_WARN_DIRECT_OBJC_ISA_USAGE = YES_ERROR;
				CLANG_WARN_DOCUMENTATION_COMMENTS = YES;
				CLANG_WARN_EMPTY_BODY = YES;
				CLANG_WARN_ENUM_CONVERSION = YES;
				CLANG_WARN_INFINITE_RECURSION = YES;
				CLANG_WARN_INT_CONVERSION = YES;
				CLANG_WARN_NON_LITERAL_NULL_CONVERSION = YES;
				CLANG_WARN_OBJC_IMPLICIT_RETAIN_SELF = YES;
				CLANG_WARN_OBJC_LITERAL_CONVERSION = YES;
				CLANG_WARN_OBJC_ROOT_CLASS = YES_ERROR;
				CLANG_WARN_QUOTED_INCLUDE_IN_FRAMEWORK_HEADER = YES;
				CLANG_WARN_RANGE_LOOP_ANALYSIS = YES;
				CLANG_WARN_STRICT_PROTOTYPES = YES;
				CLANG_WARN_SUSPICIOUS_MOVE = YES;
				CLANG_WARN_UNGUARDED_AVAILABILITY = YES_AGGRESSIVE;
				CLANG_WARN_UNREACHABLE_CODE = YES;
				CLANG_WARN__DUPLICATE_METHOD_MATCH = YES;
				COPY_PHASE_STRIP = NO;
				DEBUG_INFORMATION_FORMAT = "dwarf-with-dsym";
				ENABLE_NS_ASSERTIONS = NO;
				ENABLE_STRICT_OBJC_MSGSEND = YES;
				ENABLE_USER_SCRIPT_SANDBOXING = YES;
				GCC_C_LANGUAGE_STANDARD = gnu17;
				GCC_NO_COMMON_BLOCKS = YES;
				GCC_WARN_64_TO_32_BIT_CONVERSION = YES;
				GCC_WARN_ABOUT_RETURN_TYPE = YES_ERROR;
				GCC_WARN_UNDECLARED_SELECTOR = YES;
				GCC_WARN_UNINITIALIZED_AUTOS = YES_AGGRESSIVE;
				GCC_WARN_UNUSED_FUNCTION = YES;
				GCC_WARN_UNUSED_VARIABLE = YES;
				IPHONEOS_DEPLOYMENT_TARGET = 17.2;
				LOCALIZATION_PREFERS_STRING_CATALOGS = YES;
				MTL_ENABLE_DEBUG_INFO = NO;
				MTL_FAST_MATH = YES;
				SDKROOT = iphoneos;
				SWIFT_COMPILATION_MODE = wholemodule;
				VALIDATE_PRODUCT = YES;
			};
			name = Release;
		};
		8B8ACD4A2B74519900416DDC /* Debug */ = {
			isa = XCBuildConfiguration;
			buildSettings = {
				ASSETCATALOG_COMPILER_APPICON_NAME = AppIcon;
				ASSETCATALOG_COMPILER_GLOBAL_ACCENT_COLOR_NAME = AccentColor;
				CODE_SIGN_STYLE = Automatic;
				CURRENT_PROJECT_VERSION = 1;
				DEVELOPMENT_ASSET_PATHS = "\"SwiftUIThreadsClone/Preview Content\"";
				DEVELOPMENT_TEAM = 75W46TW7GG;
				ENABLE_PREVIEWS = YES;
				GENERATE_INFOPLIST_FILE = YES;
				INFOPLIST_KEY_UIApplicationSceneManifest_Generation = YES;
				INFOPLIST_KEY_UIApplicationSupportsIndirectInputEvents = YES;
				INFOPLIST_KEY_UILaunchScreen_Generation = YES;
				INFOPLIST_KEY_UISupportedInterfaceOrientations_iPad = "UIInterfaceOrientationPortrait UIInterfaceOrientationPortraitUpsideDown UIInterfaceOrientationLandscapeLeft UIInterfaceOrientationLandscapeRight";
				INFOPLIST_KEY_UISupportedInterfaceOrientations_iPhone = "UIInterfaceOrientationPortrait UIInterfaceOrientationLandscapeLeft UIInterfaceOrientationLandscapeRight";
				LD_RUNPATH_SEARCH_PATHS = (
					"$(inherited)",
					"@executable_path/Frameworks",
				);
				MARKETING_VERSION = 1.0;
				PRODUCT_BUNDLE_IDENTIFIER = com.Medhat.SwiftUIThreadsClone;
				PRODUCT_NAME = "$(TARGET_NAME)";
				SWIFT_EMIT_LOC_STRINGS = YES;
				SWIFT_VERSION = 5.0;
				TARGETED_DEVICE_FAMILY = "1,2";
			};
			name = Debug;
		};
		8B8ACD4B2B74519900416DDC /* Release */ = {
			isa = XCBuildConfiguration;
			buildSettings = {
				ASSETCATALOG_COMPILER_APPICON_NAME = AppIcon;
				ASSETCATALOG_COMPILER_GLOBAL_ACCENT_COLOR_NAME = AccentColor;
				CODE_SIGN_STYLE = Automatic;
				CURRENT_PROJECT_VERSION = 1;
				DEVELOPMENT_ASSET_PATHS = "\"SwiftUIThreadsClone/Preview Content\"";
				DEVELOPMENT_TEAM = 75W46TW7GG;
				ENABLE_PREVIEWS = YES;
				GENERATE_INFOPLIST_FILE = YES;
				INFOPLIST_KEY_UIApplicationSceneManifest_Generation = YES;
				INFOPLIST_KEY_UIApplicationSupportsIndirectInputEvents = YES;
				INFOPLIST_KEY_UILaunchScreen_Generation = YES;
				INFOPLIST_KEY_UISupportedInterfaceOrientations_iPad = "UIInterfaceOrientationPortrait UIInterfaceOrientationPortraitUpsideDown UIInterfaceOrientationLandscapeLeft UIInterfaceOrientationLandscapeRight";
				INFOPLIST_KEY_UISupportedInterfaceOrientations_iPhone = "UIInterfaceOrientationPortrait UIInterfaceOrientationLandscapeLeft UIInterfaceOrientationLandscapeRight";
				LD_RUNPATH_SEARCH_PATHS = (
					"$(inherited)",
					"@executable_path/Frameworks",
				);
				MARKETING_VERSION = 1.0;
				PRODUCT_BUNDLE_IDENTIFIER = com.Medhat.SwiftUIThreadsClone;
				PRODUCT_NAME = "$(TARGET_NAME)";
				SWIFT_EMIT_LOC_STRINGS = YES;
				SWIFT_VERSION = 5.0;
				TARGETED_DEVICE_FAMILY = "1,2";
			};
			name = Release;
		};
/* End XCBuildConfiguration section */

/* Begin XCConfigurationList section */
		8B8ACD362B74519600416DDC /* Build configuration list for PBXProject "SwiftUIThreadsClone" */ = {
			isa = XCConfigurationList;
			buildConfigurations = (
				8B8ACD472B74519900416DDC /* Debug */,
				8B8ACD482B74519900416DDC /* Release */,
			);
			defaultConfigurationIsVisible = 0;
			defaultConfigurationName = Release;
		};
		8B8ACD492B74519900416DDC /* Build configuration list for PBXNativeTarget "SwiftUIThreadsClone" */ = {
			isa = XCConfigurationList;
			buildConfigurations = (
				8B8ACD4A2B74519900416DDC /* Debug */,
				8B8ACD4B2B74519900416DDC /* Release */,
			);
			defaultConfigurationIsVisible = 0;
			defaultConfigurationName = Release;
		};
/* End XCConfigurationList section */
	};
	rootObject = 8B8ACD332B74519600416DDC /* Project object */;
}
